PODS:
  - SDWebImage (5.9.3):
    - SDWebImage/Core (= 5.9.3)
  - SDWebImage/Core (5.9.3)

DEPENDENCIES:
  - SDWebImage

SPEC REPOS:
  trunk:
    - SDWebImage

SPEC CHECKSUMS:
  SDWebImage: a31ee8e90a97303529e03fb0c333eae0eacb88e9

PODFILE CHECKSUM: ae2de0654a9219d3bf41ef4c38ef2938b4ed9963

COCOAPODS: 1.10.0.rc.1
